
Microsoft Visual Studio Solution File, Format Version 12.00
# Visual Studio Version 16
VisualStudioVersion = 16.0.31025.194
MinimumVisualStudioVersion = 10.0.40219.1
Project("{FAE04EC0-301F-11D3-BF4B-00C04F79EFBC}") = "Calculadora", "Calculadora\Calculadora.csproj", "{74C29808-13DC-4600-894F-41C0EB7A26D8}"
EndProject
Global
	GlobalSection(SolutionConfigurationPlatforms) = preSolution
		Debug|Any CPU = Debug|Any CPU
		Release|Any CPU = Release|Any CPU
	EndGlobalSection
	GlobalSection(ProjectConfigurationPlatforms) = postSolution
		{74C29808-13DC-4600-894F-41C0EB7A26D8}.Debug|Any CPU.ActiveCfg = Debug|Any CPU
		{74C29808-13DC-4600-894F-41C0EB7A26D8}.Debug|Any CPU.Build.0 = Debug|Any CPU
		{74C29808-13DC-4600-894F-41C0EB7A26D8}.Release|Any CPU.ActiveCfg = Release|Any CPU
		{74C29808-13DC-4600-894F-41C0EB7A26D8}.Release|Any CPU.Build.0 = Release|Any CPU
	EndGlobalSection
	GlobalSection(SolutionProperties) = preSolution
		HideSolutionNode = FALSE
	EndGlobalSection
	GlobalSection(ExtensibilityGlobals) = postSolution
		SolutionGuid = {F0CA9AD9-64ED-4BEC-B2CD-D56AB8C57961}
	EndGlobalSection
EndGlobal
